
Microsoft Visual Studio Solution File, Format Version 12.00
# Visual Studio Version 17
VisualStudioVersion = 17.3.32922.545
MinimumVisualStudioVersion = 10.0.40219.1
Project("{9A19103F-16F7-4668-BE54-9A1E7A4F7556}") = "net", "net\net.csproj", "{49892990-4D33-4A39-B168-9A0074DB850D}"
EndProject
Project("{9A19103F-16F7-4668-BE54-9A1E7A4F7556}") = "operator", "operator\operator.csproj", "{5C6D9349-278C-41F9-A8B6-3C382CAFFC91}"
EndProject
Project("{9A19103F-16F7-4668-BE54-9A1E7A4F7556}") = "parol k pivy", "parol k pivy\parol k pivy.csproj", "{F9B44C0E-674C-44AA-8FC3-63380705BFE6}"
EndProject
Project("{9A19103F-16F7-4668-BE54-9A1E7A4F7556}") = "proekt", "proekt\proekt.csproj", "{245781CE-CE05-4E38-8F05-12B72EF17F39}"
EndProject
Project("{9A19103F-16F7-4668-BE54-9A1E7A4F7556}") = "give me your password", "give me your password\give me your password.csproj", "{B1C5C0F7-9896-4621-8B4C-A9D0A1C6F040}"
EndProject
Project("{9A19103F-16F7-4668-BE54-9A1E7A4F7556}") = "char symbol", "char symbol\char symbol.csproj", "{37324A17-2A33-4781-B06E-ED139B692FD7}"
EndProject
Project("{9A19103F-16F7-4668-BE54-9A1E7A4F7556}") = "magic", "magic\magic.csproj", "{75145DBE-82B4-4741-B32A-C330CA61CAA9}"
EndProject
Project("{9A19103F-16F7-4668-BE54-9A1E7A4F7556}") = "symbol-()", "symbol-()\symbol-().csproj", "{022028A6-F59E-42A2-A022-493EDBCE36AE}"
EndProject
Project("{9A19103F-16F7-4668-BE54-9A1E7A4F7556}") = "stepen", "stepen\stepen.csproj", "{2B956F11-43C3-4516-9C84-993E6196C52A}"
EndProject
Project("{9A19103F-16F7-4668-BE54-9A1E7A4F7556}") = "massiv nachalo", "massiv nachalo\massiv nachalo.csproj", "{D536DB48-FB4E-4067-8E77-0048F9224FD6}"
EndProject
Project("{9A19103F-16F7-4668-BE54-9A1E7A4F7556}") = "vvedenie chisel", "vvedenie chisel\vvedenie chisel.csproj", "{DD3F8DEC-FE83-43D5-A495-4901EBB6D643}"
EndProject
Project("{9A19103F-16F7-4668-BE54-9A1E7A4F7556}") = "massiv [30]", "massiv [30]\massiv [30].csproj", "{45944001-C666-4266-A903-B0598B05FE57}"
EndProject
Project("{9A19103F-16F7-4668-BE54-9A1E7A4F7556}") = "matrica", "matrica\matrica.csproj", "{B15B6B22-76C1-4DF9-BB3A-2AC38C073E28}"
EndProject
Project("{9A19103F-16F7-4668-BE54-9A1E7A4F7556}") = "podmassiv", "podmassiv\podmassiv.csproj", "{A7ACC2D1-EFCA-439D-AB97-7E235BFFD4C7}"
EndProject
Project("{9A19103F-16F7-4668-BE54-9A1E7A4F7556}") = "sortirov0chka", "sortirov0chka\sortirov0chka.csproj", "{224C7D2C-BEC0-43F3-8800-3EF7DFCA5746}"
EndProject
Project("{9A19103F-16F7-4668-BE54-9A1E7A4F7556}") = "split", "split\split.csproj", "{5086C48A-668C-4818-9225-1A69218B3595}"
EndProject
Project("{9A19103F-16F7-4668-BE54-9A1E7A4F7556}") = "sdvig massiva", "sdvig massiva\sdvig massiva.csproj", "{F5594608-18B1-41EF-B8DB-80CC573C84FD}"
EndProject
Project("{9A19103F-16F7-4668-BE54-9A1E7A4F7556}") = "function", "function\function.csproj", "{4CE86AA9-725D-4461-AA0D-54345381229D}"
EndProject
Project("{9A19103F-16F7-4668-BE54-9A1E7A4F7556}") = "metodReadLine", "metodReadLine\metodReadLine.csproj", "{35A08B0C-A580-480B-83C1-4D3059665815}"
EndProject
Project("{9A19103F-16F7-4668-BE54-9A1E7A4F7556}") = "Shuffle", "Shuffle\Shuffle.csproj", "{666C4FBC-AA7B-4051-97F5-6D5A5598A6D4}"
EndProject
Project("{9A19103F-16F7-4668-BE54-9A1E7A4F7556}") = "Healthbar", "Healthbar\Healthbar.csproj", "{38419224-6E93-40C2-9EF6-79E35F68C813}"
EndProject
Project("{9A19103F-16F7-4668-BE54-9A1E7A4F7556}") = "map", "map\map.csproj", "{FF6181A2-6EE9-4A95-9210-B40571C43BA5}"
EndProject
Project("{9A19103F-16F7-4668-BE54-9A1E7A4F7556}") = "map2", "map2\map2.csproj", "{58D20CD9-6C91-4BCA-8A0D-70C6B20812FE}"
EndProject
Project("{FAE04EC0-301F-11D3-BF4B-00C04F79EFBC}") = "dabydi", "dabydi\dabydi.csproj", "{B0E6AEEB-05F7-485C-9B21-BC7C71F78C79}"
EndProject
Project("{FAE04EC0-301F-11D3-BF4B-00C04F79EFBC}") = "queue", "queue\queue.csproj", "{952F728B-17C2-404D-B68F-3EC60255C562}"
EndProject
Project("{FAE04EC0-301F-11D3-BF4B-00C04F79EFBC}") = "slovo", "slovo\slovo.csproj", "{FA5F4916-E204-4CD8-AC49-020E0F6AC2EC}"
EndProject
Project("{FAE04EC0-301F-11D3-BF4B-00C04F79EFBC}") = "map3", "map3\map3.csproj", "{BBD27DD9-BD66-4FAF-B05C-4308A9769227}"
EndProject
Project("{FAE04EC0-301F-11D3-BF4B-00C04F79EFBC}") = "kadroviychet", "kadroviychet\kadroviychet.csproj", "{5036FD5E-435B-4141-93DA-69B7132A1BBD}"
EndProject
Project("{FAE04EC0-301F-11D3-BF4B-00C04F79EFBC}") = "dinamicCollection", "dinamicCollection\dinamicCollection.csproj", "{235F478E-EDFC-46F1-A02E-14622D2B2D13}"
EndProject
Project("{FAE04EC0-301F-11D3-BF4B-00C04F79EFBC}") = "OOP", "OOP\OOP.csproj", "{8FF2AF74-DC41-43AA-8AE8-EAD5E03F8F23}"
EndProject
Project("{FAE04EC0-301F-11D3-BF4B-00C04F79EFBC}") = "DrawPlayer", "DrawPlayer\DrawPlayer.csproj", "{E7F98155-DA36-495E-93A8-7A5D108ECE6A}"
EndProject
Project("{FAE04EC0-301F-11D3-BF4B-00C04F79EFBC}") = "data base", "data base\data base.csproj", "{E1FBDBDD-0BF3-4F11-8768-C7D1EFC28B3D}"
EndProject
Project("{FAE04EC0-301F-11D3-BF4B-00C04F79EFBC}") = "coloda cart", "coloda cart\coloda cart.csproj", "{65A55CEC-FAC7-491F-AE8E-7320EC010DA4}"
EndProject
Project("{FAE04EC0-301F-11D3-BF4B-00C04F79EFBC}") = "ConsoleApp1", "ConsoleApp1\ConsoleApp1.csproj", "{3CB659F3-024C-4827-B81C-0694747DDF54}"
EndProject
Project("{FAE04EC0-301F-11D3-BF4B-00C04F79EFBC}") = "biblioteka", "biblioteka\biblioteka.csproj", "{91879900-76B9-4B32-B207-34726ECA7D6A}"
EndProject
Project("{FAE04EC0-301F-11D3-BF4B-00C04F79EFBC}") = "market", "market\market.csproj", "{A3DF7680-C68D-4845-B6B7-D118BAA4DA2A}"
EndProject
Project("{FAE04EC0-301F-11D3-BF4B-00C04F79EFBC}") = "train", "train\train.csproj", "{87730D4E-95CA-4A27-92FC-3BBD76337109}"
EndProject
Project("{FAE04EC0-301F-11D3-BF4B-00C04F79EFBC}") = "terminal", "terminal\terminal.csproj", "{2F2F5188-DD16-43EB-B3E7-0A723DBC0195}"
EndProject
Project("{FAE04EC0-301F-11D3-BF4B-00C04F79EFBC}") = "fighting pit", "fighting pit\fighting pit.csproj", "{59C26BFF-7F2E-47E9-9032-A461D06E5D7F}"
EndProject
Project("{FAE04EC0-301F-11D3-BF4B-00C04F79EFBC}") = "supermarket", "supermarket\supermarket.csproj", "{B5FC790D-9064-4937-8C87-6671EF596A0C}"
EndProject
Project("{FAE04EC0-301F-11D3-BF4B-00C04F79EFBC}") = "squad", "squad\squad.csproj", "{FB3E52F0-E2CF-47C5-A3C5-4961EF541E6F}"
EndProject
Global
	GlobalSection(SolutionConfigurationPlatforms) = preSolution
		Debug|Any CPU = Debug|Any CPU
		Release|Any CPU = Release|Any CPU
	EndGlobalSection
	GlobalSection(ProjectConfigurationPlatforms) = postSolution
		{49892990-4D33-4A39-B168-9A0074DB850D}.Debug|Any CPU.ActiveCfg = Debug|Any CPU
		{49892990-4D33-4A39-B168-9A0074DB850D}.Debug|Any CPU.Build.0 = Debug|Any CPU
		{49892990-4D33-4A39-B168-9A0074DB850D}.Release|Any CPU.ActiveCfg = Release|Any CPU
		{49892990-4D33-4A39-B168-9A0074DB850D}.Release|Any CPU.Build.0 = Release|Any CPU
		{5C6D9349-278C-41F9-A8B6-3C382CAFFC91}.Debug|Any CPU.ActiveCfg = Debug|Any CPU
		{5C6D9349-278C-41F9-A8B6-3C382CAFFC91}.Debug|Any CPU.Build.0 = Debug|Any CPU
		{5C6D9349-278C-41F9-A8B6-3C382CAFFC91}.Release|Any CPU.ActiveCfg = Release|Any CPU
		{5C6D9349-278C-41F9-A8B6-3C382CAFFC91}.Release|Any CPU.Build.0 = Release|Any CPU
		{F9B44C0E-674C-44AA-8FC3-63380705BFE6}.Debug|Any CPU.ActiveCfg = Debug|Any CPU
		{F9B44C0E-674C-44AA-8FC3-63380705BFE6}.Debug|Any CPU.Build.0 = Debug|Any CPU
		{F9B44C0E-674C-44AA-8FC3-63380705BFE6}.Release|Any CPU.ActiveCfg = Release|Any CPU
		{F9B44C0E-674C-44AA-8FC3-63380705BFE6}.Release|Any CPU.Build.0 = Release|Any CPU
		{245781CE-CE05-4E38-8F05-12B72EF17F39}.Debug|Any CPU.ActiveCfg = Debug|Any CPU
		{245781CE-CE05-4E38-8F05-12B72EF17F39}.Debug|Any CPU.Build.0 = Debug|Any CPU
		{245781CE-CE05-4E38-8F05-12B72EF17F39}.Release|Any CPU.ActiveCfg = Release|Any CPU
		{245781CE-CE05-4E38-8F05-12B72EF17F39}.Release|Any CPU.Build.0 = Release|Any CPU
		{B1C5C0F7-9896-4621-8B4C-A9D0A1C6F040}.Debug|Any CPU.ActiveCfg = Debug|Any CPU
		{B1C5C0F7-9896-4621-8B4C-A9D0A1C6F040}.Debug|Any CPU.Build.0 = Debug|Any CPU
		{B1C5C0F7-9896-4621-8B4C-A9D0A1C6F040}.Release|Any CPU.ActiveCfg = Release|Any CPU
		{B1C5C0F7-9896-4621-8B4C-A9D0A1C6F040}.Release|Any CPU.Build.0 = Release|Any CPU
		{37324A17-2A33-4781-B06E-ED139B692FD7}.Debug|Any CPU.ActiveCfg = Debug|Any CPU
		{37324A17-2A33-4781-B06E-ED139B692FD7}.Debug|Any CPU.Build.0 = Debug|Any CPU
		{37324A17-2A33-4781-B06E-ED139B692FD7}.Release|Any CPU.ActiveCfg = Release|Any CPU
		{37324A17-2A33-4781-B06E-ED139B692FD7}.Release|Any CPU.Build.0 = Release|Any CPU
		{75145DBE-82B4-4741-B32A-C330CA61CAA9}.Debug|Any CPU.ActiveCfg = Debug|Any CPU
		{75145DBE-82B4-4741-B32A-C330CA61CAA9}.Debug|Any CPU.Build.0 = Debug|Any CPU
		{75145DBE-82B4-4741-B32A-C330CA61CAA9}.Release|Any CPU.ActiveCfg = Release|Any CPU
		{75145DBE-82B4-4741-B32A-C330CA61CAA9}.Release|Any CPU.Build.0 = Release|Any CPU
		{022028A6-F59E-42A2-A022-493EDBCE36AE}.Debug|Any CPU.ActiveCfg = Debug|Any CPU
		{022028A6-F59E-42A2-A022-493EDBCE36AE}.Debug|Any CPU.Build.0 = Debug|Any CPU
		{022028A6-F59E-42A2-A022-493EDBCE36AE}.Release|Any CPU.ActiveCfg = Release|Any CPU
		{022028A6-F59E-42A2-A022-493EDBCE36AE}.Release|Any CPU.Build.0 = Release|Any CPU
		{2B956F11-43C3-4516-9C84-993E6196C52A}.Debug|Any CPU.ActiveCfg = Debug|Any CPU
		{2B956F11-43C3-4516-9C84-993E6196C52A}.Debug|Any CPU.Build.0 = Debug|Any CPU
		{2B956F11-43C3-4516-9C84-993E6196C52A}.Release|Any CPU.ActiveCfg = Release|Any CPU
		{2B956F11-43C3-4516-9C84-993E6196C52A}.Release|Any CPU.Build.0 = Release|Any CPU
		{D536DB48-FB4E-4067-8E77-0048F9224FD6}.Debug|Any CPU.ActiveCfg = Debug|Any CPU
		{D536DB48-FB4E-4067-8E77-0048F9224FD6}.Debug|Any CPU.Build.0 = Debug|Any CPU
		{D536DB48-FB4E-4067-8E77-0048F9224FD6}.Release|Any CPU.ActiveCfg = Release|Any CPU
		{D536DB48-FB4E-4067-8E77-0048F9224FD6}.Release|Any CPU.Build.0 = Release|Any CPU
		{DD3F8DEC-FE83-43D5-A495-4901EBB6D643}.Debug|Any CPU.ActiveCfg = Debug|Any CPU
		{DD3F8DEC-FE83-43D5-A495-4901EBB6D643}.Debug|Any CPU.Build.0 = Debug|Any CPU
		{DD3F8DEC-FE83-43D5-A495-4901EBB6D643}.Release|Any CPU.ActiveCfg = Release|Any CPU
		{DD3F8DEC-FE83-43D5-A495-4901EBB6D643}.Release|Any CPU.Build.0 = Release|Any CPU
		{45944001-C666-4266-A903-B0598B05FE57}.Debug|Any CPU.ActiveCfg = Debug|Any CPU
		{45944001-C666-4266-A903-B0598B05FE57}.Debug|Any CPU.Build.0 = Debug|Any CPU
		{45944001-C666-4266-A903-B0598B05FE57}.Release|Any CPU.ActiveCfg = Release|Any CPU
		{45944001-C666-4266-A903-B0598B05FE57}.Release|Any CPU.Build.0 = Release|Any CPU
		{B15B6B22-76C1-4DF9-BB3A-2AC38C073E28}.Debug|Any CPU.ActiveCfg = Debug|Any CPU
		{B15B6B22-76C1-4DF9-BB3A-2AC38C073E28}.Debug|Any CPU.Build.0 = Debug|Any CPU
		{B15B6B22-76C1-4DF9-BB3A-2AC38C073E28}.Release|Any CPU.ActiveCfg = Release|Any CPU
		{B15B6B22-76C1-4DF9-BB3A-2AC38C073E28}.Release|Any CPU.Build.0 = Release|Any CPU
		{A7ACC2D1-EFCA-439D-AB97-7E235BFFD4C7}.Debug|Any CPU.ActiveCfg = Debug|Any CPU
		{A7ACC2D1-EFCA-439D-AB97-7E235BFFD4C7}.Debug|Any CPU.Build.0 = Debug|Any CPU
		{A7ACC2D1-EFCA-439D-AB97-7E235BFFD4C7}.Release|Any CPU.ActiveCfg = Release|Any CPU
		{A7ACC2D1-EFCA-439D-AB97-7E235BFFD4C7}.Release|Any CPU.Build.0 = Release|Any CPU
		{224C7D2C-BEC0-43F3-8800-3EF7DFCA5746}.Debug|Any CPU.ActiveCfg = Debug|Any CPU
		{224C7D2C-BEC0-43F3-8800-3EF7DFCA5746}.Debug|Any CPU.Build.0 = Debug|Any CPU
		{224C7D2C-BEC0-43F3-8800-3EF7DFCA5746}.Release|Any CPU.ActiveCfg = Release|Any CPU
		{224C7D2C-BEC0-43F3-8800-3EF7DFCA5746}.Release|Any CPU.Build.0 = Release|Any CPU
		{5086C48A-668C-4818-9225-1A69218B3595}.Debug|Any CPU.ActiveCfg = Debug|Any CPU
		{5086C48A-668C-4818-9225-1A69218B3595}.Debug|Any CPU.Build.0 = Debug|Any CPU
		{5086C48A-668C-4818-9225-1A69218B3595}.Release|Any CPU.ActiveCfg = Release|Any CPU
		{5086C48A-668C-4818-9225-1A69218B3595}.Release|Any CPU.Build.0 = Release|Any CPU
		{F5594608-18B1-41EF-B8DB-80CC573C84FD}.Debug|Any CPU.ActiveCfg = Debug|Any CPU
		{F5594608-18B1-41EF-B8DB-80CC573C84FD}.Debug|Any CPU.Build.0 = Debug|Any CPU
		{F5594608-18B1-41EF-B8DB-80CC573C84FD}.Release|Any CPU.ActiveCfg = Release|Any CPU
		{F5594608-18B1-41EF-B8DB-80CC573C84FD}.Release|Any CPU.Build.0 = Release|Any CPU
		{4CE86AA9-725D-4461-AA0D-54345381229D}.Debug|Any CPU.ActiveCfg = Debug|Any CPU
		{4CE86AA9-725D-4461-AA0D-54345381229D}.Debug|Any CPU.Build.0 = Debug|Any CPU
		{4CE86AA9-725D-4461-AA0D-54345381229D}.Release|Any CPU.ActiveCfg = Release|Any CPU
		{4CE86AA9-725D-4461-AA0D-54345381229D}.Release|Any CPU.Build.0 = Release|Any CPU
		{35A08B0C-A580-480B-83C1-4D3059665815}.Debug|Any CPU.ActiveCfg = Debug|Any CPU
		{35A08B0C-A580-480B-83C1-4D3059665815}.Debug|Any CPU.Build.0 = Debug|Any CPU
		{35A08B0C-A580-480B-83C1-4D3059665815}.Release|Any CPU.ActiveCfg = Release|Any CPU
		{35A08B0C-A580-480B-83C1-4D3059665815}.Release|Any CPU.Build.0 = Release|Any CPU
		{666C4FBC-AA7B-4051-97F5-6D5A5598A6D4}.Debug|Any CPU.ActiveCfg = Debug|Any CPU
		{666C4FBC-AA7B-4051-97F5-6D5A5598A6D4}.Debug|Any CPU.Build.0 = Debug|Any CPU
		{666C4FBC-AA7B-4051-97F5-6D5A5598A6D4}.Release|Any CPU.ActiveCfg = Release|Any CPU
		{666C4FBC-AA7B-4051-97F5-6D5A5598A6D4}.Release|Any CPU.Build.0 = Release|Any CPU
		{38419224-6E93-40C2-9EF6-79E35F68C813}.Debug|Any CPU.ActiveCfg = Debug|Any CPU
		{38419224-6E93-40C2-9EF6-79E35F68C813}.Debug|Any CPU.Build.0 = Debug|Any CPU
		{38419224-6E93-40C2-9EF6-79E35F68C813}.Release|Any CPU.ActiveCfg = Release|Any CPU
		{38419224-6E93-40C2-9EF6-79E35F68C813}.Release|Any CPU.Build.0 = Release|Any CPU
		{FF6181A2-6EE9-4A95-9210-B40571C43BA5}.Debug|Any CPU.ActiveCfg = Debug|Any CPU
		{FF6181A2-6EE9-4A95-9210-B40571C43BA5}.Debug|Any CPU.Build.0 = Debug|Any CPU
		{FF6181A2-6EE9-4A95-9210-B40571C43BA5}.Release|Any CPU.ActiveCfg = Release|Any CPU
		{FF6181A2-6EE9-4A95-9210-B40571C43BA5}.Release|Any CPU.Build.0 = Release|Any CPU
		{58D20CD9-6C91-4BCA-8A0D-70C6B20812FE}.Debug|Any CPU.ActiveCfg = Debug|Any CPU
		{58D20CD9-6C91-4BCA-8A0D-70C6B20812FE}.Debug|Any CPU.Build.0 = Debug|Any CPU
		{58D20CD9-6C91-4BCA-8A0D-70C6B20812FE}.Release|Any CPU.ActiveCfg = Release|Any CPU
		{58D20CD9-6C91-4BCA-8A0D-70C6B20812FE}.Release|Any CPU.Build.0 = Release|Any CPU
		{B0E6AEEB-05F7-485C-9B21-BC7C71F78C79}.Debug|Any CPU.ActiveCfg = Debug|Any CPU
		{B0E6AEEB-05F7-485C-9B21-BC7C71F78C79}.Debug|Any CPU.Build.0 = Debug|Any CPU
		{B0E6AEEB-05F7-485C-9B21-BC7C71F78C79}.Release|Any CPU.ActiveCfg = Release|Any CPU
		{B0E6AEEB-05F7-485C-9B21-BC7C71F78C79}.Release|Any CPU.Build.0 = Release|Any CPU
		{952F728B-17C2-404D-B68F-3EC60255C562}.Debug|Any CPU.ActiveCfg = Debug|Any CPU
		{952F728B-17C2-404D-B68F-3EC60255C562}.Debug|Any CPU.Build.0 = Debug|Any CPU
		{952F728B-17C2-404D-B68F-3EC60255C562}.Release|Any CPU.ActiveCfg = Release|Any CPU
		{952F728B-17C2-404D-B68F-3EC60255C562}.Release|Any CPU.Build.0 = Release|Any CPU
		{FA5F4916-E204-4CD8-AC49-020E0F6AC2EC}.Debug|Any CPU.ActiveCfg = Debug|Any CPU
		{FA5F4916-E204-4CD8-AC49-020E0F6AC2EC}.Debug|Any CPU.Build.0 = Debug|Any CPU
		{FA5F4916-E204-4CD8-AC49-020E0F6AC2EC}.Release|Any CPU.ActiveCfg = Release|Any CPU
		{FA5F4916-E204-4CD8-AC49-020E0F6AC2EC}.Release|Any CPU.Build.0 = Release|Any CPU
		{BBD27DD9-BD66-4FAF-B05C-4308A9769227}.Debug|Any CPU.ActiveCfg = Debug|Any CPU
		{BBD27DD9-BD66-4FAF-B05C-4308A9769227}.Debug|Any CPU.Build.0 = Debug|Any CPU
		{BBD27DD9-BD66-4FAF-B05C-4308A9769227}.Release|Any CPU.ActiveCfg = Release|Any CPU
		{BBD27DD9-BD66-4FAF-B05C-4308A9769227}.Release|Any CPU.Build.0 = Release|Any CPU
		{5036FD5E-435B-4141-93DA-69B7132A1BBD}.Debug|Any CPU.ActiveCfg = Debug|Any CPU
		{5036FD5E-435B-4141-93DA-69B7132A1BBD}.Debug|Any CPU.Build.0 = Debug|Any CPU
		{5036FD5E-435B-4141-93DA-69B7132A1BBD}.Release|Any CPU.ActiveCfg = Release|Any CPU
		{5036FD5E-435B-4141-93DA-69B7132A1BBD}.Release|Any CPU.Build.0 = Release|Any CPU
		{235F478E-EDFC-46F1-A02E-14622D2B2D13}.Debug|Any CPU.ActiveCfg = Debug|Any CPU
		{235F478E-EDFC-46F1-A02E-14622D2B2D13}.Debug|Any CPU.Build.0 = Debug|Any CPU
		{235F478E-EDFC-46F1-A02E-14622D2B2D13}.Release|Any CPU.ActiveCfg = Release|Any CPU
		{235F478E-EDFC-46F1-A02E-14622D2B2D13}.Release|Any CPU.Build.0 = Release|Any CPU
		{8FF2AF74-DC41-43AA-8AE8-EAD5E03F8F23}.Debug|Any CPU.ActiveCfg = Debug|Any CPU
		{8FF2AF74-DC41-43AA-8AE8-EAD5E03F8F23}.Debug|Any CPU.Build.0 = Debug|Any CPU
		{8FF2AF74-DC41-43AA-8AE8-EAD5E03F8F23}.Release|Any CPU.ActiveCfg = Release|Any CPU
		{8FF2AF74-DC41-43AA-8AE8-EAD5E03F8F23}.Release|Any CPU.Build.0 = Release|Any CPU
		{E7F98155-DA36-495E-93A8-7A5D108ECE6A}.Debug|Any CPU.ActiveCfg = Debug|Any CPU
		{E7F98155-DA36-495E-93A8-7A5D108ECE6A}.Debug|Any CPU.Build.0 = Debug|Any CPU
		{E7F98155-DA36-495E-93A8-7A5D108ECE6A}.Release|Any CPU.ActiveCfg = Release|Any CPU
		{E7F98155-DA36-495E-93A8-7A5D108ECE6A}.Release|Any CPU.Build.0 = Release|Any CPU
		{E1FBDBDD-0BF3-4F11-8768-C7D1EFC28B3D}.Debug|Any CPU.ActiveCfg = Debug|Any CPU
		{E1FBDBDD-0BF3-4F11-8768-C7D1EFC28B3D}.Debug|Any CPU.Build.0 = Debug|Any CPU
		{E1FBDBDD-0BF3-4F11-8768-C7D1EFC28B3D}.Release|Any CPU.ActiveCfg = Release|Any CPU
		{E1FBDBDD-0BF3-4F11-8768-C7D1EFC28B3D}.Release|Any CPU.Build.0 = Release|Any CPU
		{65A55CEC-FAC7-491F-AE8E-7320EC010DA4}.Debug|Any CPU.ActiveCfg = Debug|Any CPU
		{65A55CEC-FAC7-491F-AE8E-7320EC010DA4}.Debug|Any CPU.Build.0 = Debug|Any CPU
		{65A55CEC-FAC7-491F-AE8E-7320EC010DA4}.Release|Any CPU.ActiveCfg = Release|Any CPU
		{65A55CEC-FAC7-491F-AE8E-7320EC010DA4}.Release|Any CPU.Build.0 = Release|Any CPU
		{3CB659F3-024C-4827-B81C-0694747DDF54}.Debug|Any CPU.ActiveCfg = Debug|Any CPU
		{3CB659F3-024C-4827-B81C-0694747DDF54}.Debug|Any CPU.Build.0 = Debug|Any CPU
		{3CB659F3-024C-4827-B81C-0694747DDF54}.Release|Any CPU.ActiveCfg = Release|Any CPU
		{3CB659F3-024C-4827-B81C-0694747DDF54}.Release|Any CPU.Build.0 = Release|Any CPU
		{91879900-76B9-4B32-B207-34726ECA7D6A}.Debug|Any CPU.ActiveCfg = Debug|Any CPU
		{91879900-76B9-4B32-B207-34726ECA7D6A}.Debug|Any CPU.Build.0 = Debug|Any CPU
		{91879900-76B9-4B32-B207-34726ECA7D6A}.Release|Any CPU.ActiveCfg = Release|Any CPU
		{91879900-76B9-4B32-B207-34726ECA7D6A}.Release|Any CPU.Build.0 = Release|Any CPU
		{A3DF7680-C68D-4845-B6B7-D118BAA4DA2A}.Debug|Any CPU.ActiveCfg = Debug|Any CPU
		{A3DF7680-C68D-4845-B6B7-D118BAA4DA2A}.Debug|Any CPU.Build.0 = Debug|Any CPU
		{A3DF7680-C68D-4845-B6B7-D118BAA4DA2A}.Release|Any CPU.ActiveCfg = Release|Any CPU
		{A3DF7680-C68D-4845-B6B7-D118BAA4DA2A}.Release|Any CPU.Build.0 = Release|Any CPU
		{87730D4E-95CA-4A27-92FC-3BBD76337109}.Debug|Any CPU.ActiveCfg = Debug|Any CPU
		{87730D4E-95CA-4A27-92FC-3BBD76337109}.Debug|Any CPU.Build.0 = Debug|Any CPU
		{87730D4E-95CA-4A27-92FC-3BBD76337109}.Release|Any CPU.ActiveCfg = Release|Any CPU
		{87730D4E-95CA-4A27-92FC-3BBD76337109}.Release|Any CPU.Build.0 = Release|Any CPU
		{2F2F5188-DD16-43EB-B3E7-0A723DBC0195}.Debug|Any CPU.ActiveCfg = Debug|Any CPU
		{2F2F5188-DD16-43EB-B3E7-0A723DBC0195}.Debug|Any CPU.Build.0 = Debug|Any CPU
		{2F2F5188-DD16-43EB-B3E7-0A723DBC0195}.Release|Any CPU.ActiveCfg = Release|Any CPU
		{2F2F5188-DD16-43EB-B3E7-0A723DBC0195}.Release|Any CPU.Build.0 = Release|Any CPU
		{59C26BFF-7F2E-47E9-9032-A461D06E5D7F}.Debug|Any CPU.ActiveCfg = Debug|Any CPU
		{59C26BFF-7F2E-47E9-9032-A461D06E5D7F}.Debug|Any CPU.Build.0 = Debug|Any CPU
		{59C26BFF-7F2E-47E9-9032-A461D06E5D7F}.Release|Any CPU.ActiveCfg = Release|Any CPU
		{59C26BFF-7F2E-47E9-9032-A461D06E5D7F}.Release|Any CPU.Build.0 = Release|Any CPU
		{B5FC790D-9064-4937-8C87-6671EF596A0C}.Debug|Any CPU.ActiveCfg = Debug|Any CPU
		{B5FC790D-9064-4937-8C87-6671EF596A0C}.Debug|Any CPU.Build.0 = Debug|Any CPU
		{B5FC790D-9064-4937-8C87-6671EF596A0C}.Release|Any CPU.ActiveCfg = Release|Any CPU
		{B5FC790D-9064-4937-8C87-6671EF596A0C}.Release|Any CPU.Build.0 = Release|Any CPU
		{FB3E52F0-E2CF-47C5-A3C5-4961EF541E6F}.Debug|Any CPU.ActiveCfg = Debug|Any CPU
		{FB3E52F0-E2CF-47C5-A3C5-4961EF541E6F}.Debug|Any CPU.Build.0 = Debug|Any CPU
		{FB3E52F0-E2CF-47C5-A3C5-4961EF541E6F}.Release|Any CPU.ActiveCfg = Release|Any CPU
		{FB3E52F0-E2CF-47C5-A3C5-4961EF541E6F}.Release|Any CPU.Build.0 = Release|Any CPU
	EndGlobalSection
	GlobalSection(SolutionProperties) = preSolution
		HideSolutionNode = FALSE
	EndGlobalSection
	GlobalSection(ExtensibilityGlobals) = postSolution
		SolutionGuid = {12ABAE02-32C1-461B-93C5-BEB0C779C3AA}
	EndGlobalSection
EndGlobal
