
Microsoft Visual Studio Solution File, Format Version 12.00
# Visual Studio Version 17
VisualStudioVersion = 17.3.32922.545
MinimumVisualStudioVersion = 10.0.40219.1
Project("{9A19103F-16F7-4668-BE54-9A1E7A4F7556}") = "net", "net\net.csproj", "{49892990-4D33-4A39-B168-9A0074DB850D}"
EndProject
Project("{9A19103F-16F7-4668-BE54-9A1E7A4F7556}") = "operator", "operator\operator.csproj", "{5C6D9349-278C-41F9-A8B6-3C382CAFFC91}"
EndProject
Project("{9A19103F-16F7-4668-BE54-9A1E7A4F7556}") = "parol k pivy", "parol k pivy\parol k pivy.csproj", "{F9B44C0E-674C-44AA-8FC3-63380705BFE6}"
EndProject
Project("{9A19103F-16F7-4668-BE54-9A1E7A4F7556}") = "proekt", "proekt\proekt.csproj", "{245781CE-CE05-4E38-8F05-12B72EF17F39}"
EndProject
Project("{9A19103F-16F7-4668-BE54-9A1E7A4F7556}") = "give me your password", "give me your password\give me your password.csproj", "{B1C5C0F7-9896-4621-8B4C-A9D0A1C6F040}"
EndProject
Project("{9A19103F-16F7-4668-BE54-9A1E7A4F7556}") = "char symbol", "char symbol\char symbol.csproj", "{37324A17-2A33-4781-B06E-ED139B692FD7}"
EndProject
Project("{9A19103F-16F7-4668-BE54-9A1E7A4F7556}") = "magic", "magic\magic.csproj", "{75145DBE-82B4-4741-B32A-C330CA61CAA9}"
EndProject
Project("{9A19103F-16F7-4668-BE54-9A1E7A4F7556}") = "symbol-()", "symbol-()\symbol-().csproj", "{022028A6-F59E-42A2-A022-493EDBCE36AE}"
EndProject
Project("{9A19103F-16F7-4668-BE54-9A1E7A4F7556}") = "stepen", "stepen\stepen.csproj", "{2B956F11-43C3-4516-9C84-993E6196C52A}"
EndProject
Project("{9A19103F-16F7-4668-BE54-9A1E7A4F7556}") = "massiv nachalo", "massiv nachalo\massiv nachalo.csproj", "{D536DB48-FB4E-4067-8E77-0048F9224FD6}"
EndProject
Project("{9A19103F-16F7-4668-BE54-9A1E7A4F7556}") = "vvedenie chisel", "vvedenie chisel\vvedenie chisel.csproj", "{DD3F8DEC-FE83-43D5-A495-4901EBB6D643}"
EndProject
Project("{9A19103F-16F7-4668-BE54-9A1E7A4F7556}") = "massiv [30]", "massiv [30]\massiv [30].csproj", "{45944001-C666-4266-A903-B0598B05FE57}"
EndProject
Project("{9A19103F-16F7-4668-BE54-9A1E7A4F7556}") = "matrica", "matrica\matrica.csproj", "{B15B6B22-76C1-4DF9-BB3A-2AC38C073E28}"
EndProject
Project("{9A19103F-16F7-4668-BE54-9A1E7A4F7556}") = "podmassiv", "podmassiv\podmassiv.csproj", "{A7ACC2D1-EFCA-439D-AB97-7E235BFFD4C7}"
EndProject
Project("{FAE04EC0-301F-11D3-BF4B-00C04F79EFBC}") = "sortirov0chka", "sortirov0chka\sortirov0chka.csproj", "{224C7D2C-BEC0-43F3-8800-3EF7DFCA5746}"
EndProject
Global
	GlobalSection(SolutionConfigurationPlatforms) = preSolution
		Debug|Any CPU = Debug|Any CPU
		Release|Any CPU = Release|Any CPU
	EndGlobalSection
	GlobalSection(ProjectConfigurationPlatforms) = postSolution
		{49892990-4D33-4A39-B168-9A0074DB850D}.Debug|Any CPU.ActiveCfg = Debug|Any CPU
		{49892990-4D33-4A39-B168-9A0074DB850D}.Debug|Any CPU.Build.0 = Debug|Any CPU
		{49892990-4D33-4A39-B168-9A0074DB850D}.Release|Any CPU.ActiveCfg = Release|Any CPU
		{49892990-4D33-4A39-B168-9A0074DB850D}.Release|Any CPU.Build.0 = Release|Any CPU
		{5C6D9349-278C-41F9-A8B6-3C382CAFFC91}.Debug|Any CPU.ActiveCfg = Debug|Any CPU
		{5C6D9349-278C-41F9-A8B6-3C382CAFFC91}.Debug|Any CPU.Build.0 = Debug|Any CPU
		{5C6D9349-278C-41F9-A8B6-3C382CAFFC91}.Release|Any CPU.ActiveCfg = Release|Any CPU
		{5C6D9349-278C-41F9-A8B6-3C382CAFFC91}.Release|Any CPU.Build.0 = Release|Any CPU
		{F9B44C0E-674C-44AA-8FC3-63380705BFE6}.Debug|Any CPU.ActiveCfg = Debug|Any CPU
		{F9B44C0E-674C-44AA-8FC3-63380705BFE6}.Debug|Any CPU.Build.0 = Debug|Any CPU
		{F9B44C0E-674C-44AA-8FC3-63380705BFE6}.Release|Any CPU.ActiveCfg = Release|Any CPU
		{F9B44C0E-674C-44AA-8FC3-63380705BFE6}.Release|Any CPU.Build.0 = Release|Any CPU
		{245781CE-CE05-4E38-8F05-12B72EF17F39}.Debug|Any CPU.ActiveCfg = Debug|Any CPU
		{245781CE-CE05-4E38-8F05-12B72EF17F39}.Debug|Any CPU.Build.0 = Debug|Any CPU
		{245781CE-CE05-4E38-8F05-12B72EF17F39}.Release|Any CPU.ActiveCfg = Release|Any CPU
		{245781CE-CE05-4E38-8F05-12B72EF17F39}.Release|Any CPU.Build.0 = Release|Any CPU
		{B1C5C0F7-9896-4621-8B4C-A9D0A1C6F040}.Debug|Any CPU.ActiveCfg = Debug|Any CPU
		{B1C5C0F7-9896-4621-8B4C-A9D0A1C6F040}.Debug|Any CPU.Build.0 = Debug|Any CPU
		{B1C5C0F7-9896-4621-8B4C-A9D0A1C6F040}.Release|Any CPU.ActiveCfg = Release|Any CPU
		{B1C5C0F7-9896-4621-8B4C-A9D0A1C6F040}.Release|Any CPU.Build.0 = Release|Any CPU
		{37324A17-2A33-4781-B06E-ED139B692FD7}.Debug|Any CPU.ActiveCfg = Debug|Any CPU
		{37324A17-2A33-4781-B06E-ED139B692FD7}.Debug|Any CPU.Build.0 = Debug|Any CPU
		{37324A17-2A33-4781-B06E-ED139B692FD7}.Release|Any CPU.ActiveCfg = Release|Any CPU
		{37324A17-2A33-4781-B06E-ED139B692FD7}.Release|Any CPU.Build.0 = Release|Any CPU
		{75145DBE-82B4-4741-B32A-C330CA61CAA9}.Debug|Any CPU.ActiveCfg = Debug|Any CPU
		{75145DBE-82B4-4741-B32A-C330CA61CAA9}.Debug|Any CPU.Build.0 = Debug|Any CPU
		{75145DBE-82B4-4741-B32A-C330CA61CAA9}.Release|Any CPU.ActiveCfg = Release|Any CPU
		{75145DBE-82B4-4741-B32A-C330CA61CAA9}.Release|Any CPU.Build.0 = Release|Any CPU
		{022028A6-F59E-42A2-A022-493EDBCE36AE}.Debug|Any CPU.ActiveCfg = Debug|Any CPU
		{022028A6-F59E-42A2-A022-493EDBCE36AE}.Debug|Any CPU.Build.0 = Debug|Any CPU
		{022028A6-F59E-42A2-A022-493EDBCE36AE}.Release|Any CPU.ActiveCfg = Release|Any CPU
		{022028A6-F59E-42A2-A022-493EDBCE36AE}.Release|Any CPU.Build.0 = Release|Any CPU
		{2B956F11-43C3-4516-9C84-993E6196C52A}.Debug|Any CPU.ActiveCfg = Debug|Any CPU
		{2B956F11-43C3-4516-9C84-993E6196C52A}.Debug|Any CPU.Build.0 = Debug|Any CPU
		{2B956F11-43C3-4516-9C84-993E6196C52A}.Release|Any CPU.ActiveCfg = Release|Any CPU
		{2B956F11-43C3-4516-9C84-993E6196C52A}.Release|Any CPU.Build.0 = Release|Any CPU
		{D536DB48-FB4E-4067-8E77-0048F9224FD6}.Debug|Any CPU.ActiveCfg = Debug|Any CPU
		{D536DB48-FB4E-4067-8E77-0048F9224FD6}.Debug|Any CPU.Build.0 = Debug|Any CPU
		{D536DB48-FB4E-4067-8E77-0048F9224FD6}.Release|Any CPU.ActiveCfg = Release|Any CPU
		{D536DB48-FB4E-4067-8E77-0048F9224FD6}.Release|Any CPU.Build.0 = Release|Any CPU
		{DD3F8DEC-FE83-43D5-A495-4901EBB6D643}.Debug|Any CPU.ActiveCfg = Debug|Any CPU
		{DD3F8DEC-FE83-43D5-A495-4901EBB6D643}.Debug|Any CPU.Build.0 = Debug|Any CPU
		{DD3F8DEC-FE83-43D5-A495-4901EBB6D643}.Release|Any CPU.ActiveCfg = Release|Any CPU
		{DD3F8DEC-FE83-43D5-A495-4901EBB6D643}.Release|Any CPU.Build.0 = Release|Any CPU
		{45944001-C666-4266-A903-B0598B05FE57}.Debug|Any CPU.ActiveCfg = Debug|Any CPU
		{45944001-C666-4266-A903-B0598B05FE57}.Debug|Any CPU.Build.0 = Debug|Any CPU
		{45944001-C666-4266-A903-B0598B05FE57}.Release|Any CPU.ActiveCfg = Release|Any CPU
		{45944001-C666-4266-A903-B0598B05FE57}.Release|Any CPU.Build.0 = Release|Any CPU
		{B15B6B22-76C1-4DF9-BB3A-2AC38C073E28}.Debug|Any CPU.ActiveCfg = Debug|Any CPU
		{B15B6B22-76C1-4DF9-BB3A-2AC38C073E28}.Debug|Any CPU.Build.0 = Debug|Any CPU
		{B15B6B22-76C1-4DF9-BB3A-2AC38C073E28}.Release|Any CPU.ActiveCfg = Release|Any CPU
		{B15B6B22-76C1-4DF9-BB3A-2AC38C073E28}.Release|Any CPU.Build.0 = Release|Any CPU
		{A7ACC2D1-EFCA-439D-AB97-7E235BFFD4C7}.Debug|Any CPU.ActiveCfg = Debug|Any CPU
		{A7ACC2D1-EFCA-439D-AB97-7E235BFFD4C7}.Debug|Any CPU.Build.0 = Debug|Any CPU
		{A7ACC2D1-EFCA-439D-AB97-7E235BFFD4C7}.Release|Any CPU.ActiveCfg = Release|Any CPU
		{A7ACC2D1-EFCA-439D-AB97-7E235BFFD4C7}.Release|Any CPU.Build.0 = Release|Any CPU
		{224C7D2C-BEC0-43F3-8800-3EF7DFCA5746}.Debug|Any CPU.ActiveCfg = Debug|Any CPU
		{224C7D2C-BEC0-43F3-8800-3EF7DFCA5746}.Debug|Any CPU.Build.0 = Debug|Any CPU
		{224C7D2C-BEC0-43F3-8800-3EF7DFCA5746}.Release|Any CPU.ActiveCfg = Release|Any CPU
		{224C7D2C-BEC0-43F3-8800-3EF7DFCA5746}.Release|Any CPU.Build.0 = Release|Any CPU
	EndGlobalSection
	GlobalSection(SolutionProperties) = preSolution
		HideSolutionNode = FALSE
	EndGlobalSection
	GlobalSection(ExtensibilityGlobals) = postSolution
		SolutionGuid = {12ABAE02-32C1-461B-93C5-BEB0C779C3AA}
	EndGlobalSection
EndGlobal
